
Microsoft Visual Studio Solution File, Format Version 12.00
# Visual Studio Version 17
VisualStudioVersion = 17.12.35707.178 d17.12
MinimumVisualStudioVersion = 10.0.40219.1
Project("{FAE04EC0-301F-11D3-BF4B-00C04F79EFBC}") = "hometask4 part1", "hometask4 part1\hometask4 part1.csproj", "{D599E75C-CE71-41F6-B293-069AC4B42A93}"
EndProject
Project("{FAE04EC0-301F-11D3-BF4B-00C04F79EFBC}") = "hometask4 qno 2", "hometask4 qno 2\hometask4 qno 2.csproj", "{4CEB1B7E-9903-49D6-858C-AB1B39A103D8}"
EndProject
Global
	GlobalSection(SolutionConfigurationPlatforms) = preSolution
		Debug|Any CPU = Debug|Any CPU
		Release|Any CPU = Release|Any CPU
	EndGlobalSection
	GlobalSection(ProjectConfigurationPlatforms) = postSolution
		{D599E75C-CE71-41F6-B293-069AC4B42A93}.Debug|Any CPU.ActiveCfg = Debug|Any CPU
		{D599E75C-CE71-41F6-B293-069AC4B42A93}.Debug|Any CPU.Build.0 = Debug|Any CPU
		{D599E75C-CE71-41F6-B293-069AC4B42A93}.Release|Any CPU.ActiveCfg = Release|Any CPU
		{D599E75C-CE71-41F6-B293-069AC4B42A93}.Release|Any CPU.Build.0 = Release|Any CPU
		{4CEB1B7E-9903-49D6-858C-AB1B39A103D8}.Debug|Any CPU.ActiveCfg = Debug|Any CPU
		{4CEB1B7E-9903-49D6-858C-AB1B39A103D8}.Debug|Any CPU.Build.0 = Debug|Any CPU
		{4CEB1B7E-9903-49D6-858C-AB1B39A103D8}.Release|Any CPU.ActiveCfg = Release|Any CPU
		{4CEB1B7E-9903-49D6-858C-AB1B39A103D8}.Release|Any CPU.Build.0 = Release|Any CPU
	EndGlobalSection
	GlobalSection(SolutionProperties) = preSolution
		HideSolutionNode = FALSE
	EndGlobalSection
EndGlobal
